
Microsoft Visual Studio Solution File, Format Version 12.00
# Visual Studio Version 17
VisualStudioVersion = 17.3.32929.385
MinimumVisualStudioVersion = 10.0.40219.1
Project("{778DAE3C-4631-46EA-AA77-85C1314464D9}") = "XDeltaGUIBatch", "XDeltaGUIBatch.vbproj", "{15853DFE-B10F-43C7-9653-B1769078C938}"
EndProject
Global
	GlobalSection(SolutionConfigurationPlatforms) = preSolution
		Debug|Any CPU = Debug|Any CPU
		Release|Any CPU = Release|Any CPU
	EndGlobalSection
	GlobalSection(ProjectConfigurationPlatforms) = postSolution
		{15853DFE-B10F-43C7-9653-B1769078C938}.Debug|Any CPU.ActiveCfg = Debug|Any CPU
		{15853DFE-B10F-43C7-9653-B1769078C938}.Debug|Any CPU.Build.0 = Debug|Any CPU
		{15853DFE-B10F-43C7-9653-B1769078C938}.Release|Any CPU.ActiveCfg = Release|Any CPU
		{15853DFE-B10F-43C7-9653-B1769078C938}.Release|Any CPU.Build.0 = Release|Any CPU
	EndGlobalSection
	GlobalSection(SolutionProperties) = preSolution
		HideSolutionNode = FALSE
	EndGlobalSection
	GlobalSection(ExtensibilityGlobals) = postSolution
		SolutionGuid = {03066A33-B796-4C7F-9782-BCA64D483A8F}
	EndGlobalSection
EndGlobal
